{
  "name": "play",
  "lockfileVersion": 3,
  "requires": true,
  "packages": {
    "": {
      "dependencies": {
        "chess.js": "^1.4.0",
        "chessground": "^9.2.1"
      },
      "devDependencies": {
        "@types/chess.js": "^0.13.7"
      }
    },
    "node_modules/@types/chess.js": {
      "version": "0.13.7",
      "resolved": "https://registry.npmjs.org/@types/chess.js/-/chess.js-0.13.7.tgz",
      "integrity": "sha512-o9TeeBdFXelFJXOD9+6sT6bbpBvWG0ZbpOnlIyUNXBjewh7xoFS0+BifGc71T45D5E952io3i8dDsaN6hnLaxw==",
      "dev": true
    },
    "node_modules/chess.js": {
      "version": "1.4.0",
      "resolved": "https://registry.npmjs.org/chess.js/-/chess.js-1.4.0.tgz",
      "integrity": "sha512-BBJgrrtKQOzFLonR0l+k64A98NLemPwNsCskwb+29bRwobUa4iTm51E1kwGPbWXAcfdDa18nad6vpPPKPWarqw=="
    },
    "node_modules/chessground": {
      "version": "9.2.1",
      "resolved": "https://registry.npmjs.org/chessground/-/chessground-9.2.1.tgz",
      "integrity": "sha512-KIdxm0zD69e62XRwdnFB0XUNYSzn5HM3pMazRCwpfruRUowFI8y+1OAK5YSyBff29myeV1/4o5Q8T191+Irbog==",
      "funding": {
        "url": "https://lichess.org/patron"
      }
    }
  }
}
